
Microsoft Visual Studio Solution File, Format Version 12.00
# Visual Studio 15
VisualStudioVersion = 15.0.28307.1000
MinimumVisualStudioVersion = 10.0.40219.1
Project("{159641D6-6404-4A2A-AE62-294DE0FE8301}") = "Cinema2", "Cinema2\Cinema2.dtproj", "{6C1CDAFD-D2EE-4828-96EF-09AA6B42DA98}"
EndProject
Global
	GlobalSection(SolutionConfigurationPlatforms) = preSolution
		Development|Default = Development|Default
	EndGlobalSection
	GlobalSection(ProjectConfigurationPlatforms) = postSolution
		{6C1CDAFD-D2EE-4828-96EF-09AA6B42DA98}.Development|Default.ActiveCfg = Development
		{6C1CDAFD-D2EE-4828-96EF-09AA6B42DA98}.Development|Default.Build.0 = Development
	EndGlobalSection
	GlobalSection(SolutionProperties) = preSolution
		HideSolutionNode = FALSE
	EndGlobalSection
	GlobalSection(ExtensibilityGlobals) = postSolution
		SolutionGuid = {01FDF62C-83F2-4A82-830E-F6C7226595BF}
	EndGlobalSection
EndGlobal
